
Microsoft Visual Studio Solution File, Format Version 12.00
# Visual Studio Version 17
VisualStudioVersion = 17.13.35919.96 d17.13
MinimumVisualStudioVersion = 10.0.40219.1
Project("{FAE04EC0-301F-11D3-BF4B-00C04F79EFBC}") = "RangesAndIndices", "RangesAndIndices\RangesAndIndices.csproj", "{BF3C83CF-873A-40AA-8A80-AF68E99B88B8}"
EndProject
Global
	GlobalSection(SolutionConfigurationPlatforms) = preSolution
		Debug|Any CPU = Debug|Any CPU
		Release|Any CPU = Release|Any CPU
	EndGlobalSection
	GlobalSection(ProjectConfigurationPlatforms) = postSolution
		{BF3C83CF-873A-40AA-8A80-AF68E99B88B8}.Debug|Any CPU.ActiveCfg = Debug|Any CPU
		{BF3C83CF-873A-40AA-8A80-AF68E99B88B8}.Debug|Any CPU.Build.0 = Debug|Any CPU
		{BF3C83CF-873A-40AA-8A80-AF68E99B88B8}.Release|Any CPU.ActiveCfg = Release|Any CPU
		{BF3C83CF-873A-40AA-8A80-AF68E99B88B8}.Release|Any CPU.Build.0 = Release|Any CPU
	EndGlobalSection
	GlobalSection(SolutionProperties) = preSolution
		HideSolutionNode = FALSE
	EndGlobalSection
	GlobalSection(ExtensibilityGlobals) = postSolution
		SolutionGuid = {D2DACE09-0A79-4974-A82E-53DC43854AF1}
	EndGlobalSection
EndGlobal
